<?xml version="1.0" encoding="utf-8"?>
<Project ToolsVersion="4.0" xmlns="http://schemas.microsoft.com/developer/msbuild/2003">
  <ItemGroup>
    <Filter Include="Pliki źródłowe">
      <UniqueIdentifier>{4FC737F1-C7A5-4376-A066-2A32D752A2FF}</UniqueIdentifier>
      <Extensions>cpp;c;cc;cxx;c++;cppm;ixx;def;odl;idl;hpj;bat;asm;asmx</Extensions>
    </Filter>
    <Filter Include="Pliki nagłówkowe">
      <UniqueIdentifier>{93995380-89BD-4b04-88EB-625FBE52EBFB}</UniqueIdentifier>
      <Extensions>h;hh;hpp;hxx;h++;hm;inl;inc;ipp;xsd</Extensions>
    </Filter>
    <Filter Include="Pliki zasobów">
      <UniqueIdentifier>{67DA6AB6-F800-4c08-8B7A-83BB121AAD01}</UniqueIdentifier>
      <Extensions>rc;ico;cur;bmp;dlg;rc2;rct;bin;rgs;gif;jpg;jpeg;jpe;resx;tiff;tif;png;wav;mfcribbon-ms</Extensions>
    </Filter>
    <Filter Include="Pliki źródłowe\Imgui">
      <UniqueIdentifier>{78ba4cf4-abb2-4276-8ec7-3f49dd961811}</UniqueIdentifier>
    </Filter>
    <Filter Include="Pliki nagłówkowe\Imgui">
      <UniqueIdentifier>{2454d7d7-08ee-40ad-948f-6a69df369b5e}</UniqueIdentifier>
    </Filter>
    <Filter Include="Pliki zasobów\Shaders">
      <UniqueIdentifier>{e552e1f8-dbab-434e-b3b8-50e2c85f032d}</UniqueIdentifier>
    </Filter>
    <Filter Include="Pliki nagłówkowe\Wardrobe">
      <UniqueIdentifier>{8fdb77f2-cfd0-4d10-aae6-b79eadae0b7c}</UniqueIdentifier>
    </Filter>
    <Filter Include="Pliki źródłowe\Wardrobe">
      <UniqueIdentifier>{dcd5a5d0-27c6-48ac-9235-9a8b492e703b}</UniqueIdentifier>
    </Filter>
    <Filter Include="Pliki źródłowe\Converter">
      <UniqueIdentifier>{20b63bd0-fb4c-4fca-a12c-a3e6c46e0fdc}</UniqueIdentifier>
    </Filter>
    <Filter Include="Pliki nagłówkowe\Converter">
      <UniqueIdentifier>{f5ac0bf7-361d-4946-b776-dd3c50c42bd7}</UniqueIdentifier>
    </Filter>
    <Filter Include="Pliki nagłówkowe\OpenGL">
      <UniqueIdentifier>{155f3152-3e93-49a2-b26e-047aa3f40cff}</UniqueIdentifier>
    </Filter>
    <Filter Include="Pliki źródłowe\OpenGL">
      <UniqueIdentifier>{24ca4547-86cf-4c68-a940-245ccf97caf1}</UniqueIdentifier>
    </Filter>
    <Filter Include="Pliki nagłówkowe\Structure">
      <UniqueIdentifier>{1c4d0e15-0c5d-4400-98cc-04b6dc1002df}</UniqueIdentifier>
    </Filter>
    <Filter Include="Pliki źródłowe\Structure">
      <UniqueIdentifier>{f7a35bc8-c189-46ed-abee-5179e5afcccd}</UniqueIdentifier>
    </Filter>
    <Filter Include="Pliki nagłówkowe\InputHandler">
      <UniqueIdentifier>{b3b144c1-980b-4db6-9ff2-a242504f527e}</UniqueIdentifier>
    </Filter>
    <Filter Include="Pliki źródłowe\InputHandler">
      <UniqueIdentifier>{227ee62e-6a7f-43b8-833b-88e0fb8e4840}</UniqueIdentifier>
    </Filter>
  </ItemGroup>
  <ItemGroup>
    <ClCompile Include="Main.cpp">
      <Filter>Pliki źródłowe</Filter>
    </ClCompile>
    <ClCompile Include="Imgui\imgui.cpp">
      <Filter>Pliki źródłowe\Imgui</Filter>
    </ClCompile>
    <ClCompile Include="Imgui\imgui_demo.cpp">
      <Filter>Pliki źródłowe\Imgui</Filter>
    </ClCompile>
    <ClCompile Include="Imgui\imgui_draw.cpp">
      <Filter>Pliki źródłowe\Imgui</Filter>
    </ClCompile>
    <ClCompile Include="Imgui\imgui_impl_glfw.cpp">
      <Filter>Pliki źródłowe\Imgui</Filter>
    </ClCompile>
    <ClCompile Include="Imgui\imgui_impl_opengl3.cpp">
      <Filter>Pliki źródłowe\Imgui</Filter>
    </ClCompile>
    <ClCompile Include="Imgui\imgui_tables.cpp">
      <Filter>Pliki źródłowe\Imgui</Filter>
    </ClCompile>
    <ClCompile Include="Imgui\imgui_widgets.cpp">
      <Filter>Pliki źródłowe\Imgui</Filter>
    </ClCompile>
    <ClCompile Include="Settings.cpp">
      <Filter>Pliki źródłowe</Filter>
    </ClCompile>
    <ClCompile Include="GUI.cpp">
      <Filter>Pliki źródłowe</Filter>
    </ClCompile>
    <ClCompile Include="Wardrobe.cpp">
      <Filter>Pliki źródłowe\Wardrobe</Filter>
    </ClCompile>
    <ClCompile Include="WardrobeManager.cpp">
      <Filter>Pliki źródłowe\Wardrobe</Filter>
    </ClCompile>
    <ClCompile Include="Converter.cpp">
      <Filter>Pliki źródłowe\Converter</Filter>
    </ClCompile>
    <ClCompile Include="ConverterManager.cpp">
      <Filter>Pliki źródłowe\Converter</Filter>
    </ClCompile>
    <ClCompile Include="VBO.cpp">
      <Filter>Pliki źródłowe\OpenGL</Filter>
    </ClCompile>
    <ClCompile Include="VAO.cpp">
      <Filter>Pliki źródłowe\OpenGL</Filter>
    </ClCompile>
    <ClCompile Include="ShaderClass.cpp">
      <Filter>Pliki źródłowe\OpenGL</Filter>
    </ClCompile>
    <ClCompile Include="EBO.cpp">
      <Filter>Pliki źródłowe\OpenGL</Filter>
    </ClCompile>
    <ClCompile Include="Camera.cpp">
      <Filter>Pliki źródłowe\OpenGL</Filter>
    </ClCompile>
    <ClCompile Include="glad.c">
      <Filter>Pliki źródłowe\OpenGL</Filter>
    </ClCompile>
    <ClCompile Include="Texture.cpp">
      <Filter>Pliki źródłowe\OpenGL</Filter>
    </ClCompile>
    <ClCompile Include="DrawFunctions.cpp">
      <Filter>Pliki źródłowe\Structure</Filter>
    </ClCompile>
    <ClCompile Include="stb.cpp">
      <Filter>Pliki źródłowe\OpenGL</Filter>
    </ClCompile>
    <ClCompile Include="StructureManager.cpp">
      <Filter>Pliki źródłowe\Structure</Filter>
    </ClCompile>
    <ClCompile Include="SceneSelector.cpp">
      <Filter>Pliki źródłowe\OpenGL</Filter>
    </ClCompile>
    <ClCompile Include="InputHandler.cpp">
      <Filter>Pliki źródłowe\InputHandler</Filter>
    </ClCompile>
  </ItemGroup>
  <ItemGroup>
    <ClInclude Include="Imgui\imconfig.h">
      <Filter>Pliki nagłówkowe\Imgui</Filter>
    </ClInclude>
    <ClInclude Include="Imgui\imgui.h">
      <Filter>Pliki nagłówkowe\Imgui</Filter>
    </ClInclude>
    <ClInclude Include="Imgui\imgui_impl_glfw.h">
      <Filter>Pliki nagłówkowe\Imgui</Filter>
    </ClInclude>
    <ClInclude Include="Imgui\imgui_impl_opengl3.h">
      <Filter>Pliki nagłówkowe\Imgui</Filter>
    </ClInclude>
    <ClInclude Include="Imgui\imgui_impl_opengl3_loader.h">
      <Filter>Pliki nagłówkowe\Imgui</Filter>
    </ClInclude>
    <ClInclude Include="Imgui\imgui_internal.h">
      <Filter>Pliki nagłówkowe\Imgui</Filter>
    </ClInclude>
    <ClInclude Include="Imgui\imstb_rectpack.h">
      <Filter>Pliki nagłówkowe\Imgui</Filter>
    </ClInclude>
    <ClInclude Include="Imgui\imstb_textedit.h">
      <Filter>Pliki nagłówkowe\Imgui</Filter>
    </ClInclude>
    <ClInclude Include="Imgui\imstb_truetype.h">
      <Filter>Pliki nagłówkowe\Imgui</Filter>
    </ClInclude>
    <ClInclude Include="GUI.h">
      <Filter>Pliki nagłówkowe</Filter>
    </ClInclude>
    <ClInclude Include="Wardrobe.h">
      <Filter>Pliki nagłówkowe\Wardrobe</Filter>
    </ClInclude>
    <ClInclude Include="WardrobeManager.h">
      <Filter>Pliki nagłówkowe\Wardrobe</Filter>
    </ClInclude>
    <ClInclude Include="Converter.h">
      <Filter>Pliki nagłówkowe\Converter</Filter>
    </ClInclude>
    <ClInclude Include="ConverterManager.h">
      <Filter>Pliki nagłówkowe\Converter</Filter>
    </ClInclude>
    <ClInclude Include="VBO.h">
      <Filter>Pliki nagłówkowe\OpenGL</Filter>
    </ClInclude>
    <ClInclude Include="VAO.h">
      <Filter>Pliki nagłówkowe\OpenGL</Filter>
    </ClInclude>
    <ClInclude Include="EBO.h">
      <Filter>Pliki nagłówkowe\OpenGL</Filter>
    </ClInclude>
    <ClInclude Include="shaderClass.h">
      <Filter>Pliki nagłówkowe\OpenGL</Filter>
    </ClInclude>
    <ClInclude Include="Camera.h">
      <Filter>Pliki nagłówkowe\OpenGL</Filter>
    </ClInclude>
    <ClInclude Include="Texture.h">
      <Filter>Pliki nagłówkowe\OpenGL</Filter>
    </ClInclude>
    <ClInclude Include="Settings.h">
      <Filter>Pliki nagłówkowe</Filter>
    </ClInclude>
    <ClInclude Include="DrawFunctions.h">
      <Filter>Pliki nagłówkowe\Structure</Filter>
    </ClInclude>
    <ClInclude Include="StructureManager.h">
      <Filter>Pliki nagłówkowe\Structure</Filter>
    </ClInclude>
    <ClInclude Include="SceneSelector.h">
      <Filter>Pliki nagłówkowe\OpenGL</Filter>
    </ClInclude>
    <ClInclude Include="InputHandler.h">
      <Filter>Pliki nagłówkowe\InputHandler</Filter>
    </ClInclude>
  </ItemGroup>
  <ItemGroup>
    <None Include="default.vert">
      <Filter>Pliki zasobów\Shaders</Filter>
    </None>
    <None Include="default.frag">
      <Filter>Pliki zasobów\Shaders</Filter>
    </None>
  </ItemGroup>
</Project>